# This file was autogenerated by Stack.
# You should not edit this file by hand.
# For more information, please see the documentation at:
#   https://docs.haskellstack.org/en/stable/lock_files

packages:
- completed:
    hackage: table-layout-0.9.0.0@sha256:66dc7b7b9d14fa4769f1192a58ab9721ef8efd1d5773acae34dc5e2dce3fec0a,7106
    pantry-tree:
      size: 2215
      sha256: 6165b25b77808ae9e0447d3816358ef2a94c21d23fa33c05292856fba7aaa4ec
  original:
    hackage: table-layout-0.9.0.0
- completed:
    hackage: data-default-instances-base-0.1.0.1@sha256:985a13d7103e45a65f06f277b735ef025636014f0d29dd6de998bc7628e09be9,509
    pantry-tree:
      size: 242
      sha256: 92969ddf22c5f54123fb2bcfbe5917b59a7e6382473b0306bcd8fb7990d9aa1a
  original:
    hackage: data-default-instances-base-0.1.0.1
- completed:
    hackage: sequence-formats-1.5.1.2@sha256:aa2dc7e26b843f8a900abf21f2af9696de4d2a585ab9196dbd7e6260b01ce55f,2833
    pantry-tree:
      size: 2264
      sha256: 0d5d8876f2094d43c1180f6db71d5544d14f1496dedc2537c02111802c6a289d
  original:
    hackage: sequence-formats-1.5.1.2
snapshots:
- completed:
    size: 531718
    url: https://raw.githubusercontent.com/commercialhaskell/stackage-snapshots/master/lts/16/6.yaml
    sha256: 230a7266fc11f76222bd3bb68e9503ed11d553060a752f164bff6753ed03e271
  original: lts-16.6
