# This file was autogenerated by Stack.
# You should not edit this file by hand.
# For more information, please see the documentation at:
#   https://docs.haskellstack.org/en/stable/lock_files

packages:
- completed:
    hackage: table-layout-0.9.1.0@sha256:172b8b3a06c992839a781b77e42bbce689ba87d92c260acb61d187f7e6aad7f2,7154
    pantry-tree:
      sha256: d3b20ca5e8342d24fa7cfb5e3d39853a14f572f0a95b7bc9d0fea82baa0a4c10
      size: 2216
  original:
    hackage: table-layout-0.9.1.0
- completed:
    hackage: data-default-instances-base-0.1.0.1@sha256:985a13d7103e45a65f06f277b735ef025636014f0d29dd6de998bc7628e09be9,509
    pantry-tree:
      sha256: 92969ddf22c5f54123fb2bcfbe5917b59a7e6382473b0306bcd8fb7990d9aa1a
      size: 242
  original:
    hackage: data-default-instances-base-0.1.0.1
- completed:
    commit: 1465192c1e7b4a7e3c7f19a29007d2b933b78fa9
    git: https://github.com/stschiff/sequence-formats
    name: sequence-formats
    pantry-tree:
      sha256: 80a4494352d8bb4cf3b1c7d5eb2aa81990caf9b80ade12b5c5f9228c3c6a757c
      size: 3134
    version: 1.10.0.0
  original:
    commit: 1465192c1e7b4a7e3c7f19a29007d2b933b78fa9
    git: https://github.com/stschiff/sequence-formats
- completed:
    hackage: pipes-zlib-0.4.4.2@sha256:eabd5aa29a030ecdeade80cfeb1787adc181bcf8fd378cb7b695b2af6cb26af6,1947
    pantry-tree:
      sha256: 83893890ab982e322bf7f446cc1d17fc19ce0b9b8041b10b296d86c7622ec050
      size: 470
  original:
    hackage: pipes-zlib-0.4.4.2
- completed:
    hackage: pipes-ordered-zip-1.2.1@sha256:1bece0cde4315987da28b6a588dd3345dda8f61bb6894e4e4c9c3cd3a4646746,1453
    pantry-tree:
      sha256: 099f71b0cecdaee9feae0bbf165491c57082ee259f7b5a593f96cfbccd36ba49
      size: 446
  original:
    hackage: pipes-ordered-zip-1.2.1
- completed:
    hackage: co-log-0.6.0.2@sha256:91c14447cb1cbdd6d76317e80d2acd75efe4d964975a57f9731d8af56a4fba7a,6395
    pantry-tree:
      sha256: 2ed9bcc839c3681796dd7ef797bcd65cf73e20fc0c542c94cae0a2532db7b3ba
      size: 1198
  original:
    hackage: co-log-0.6.0.2
- completed:
    hackage: ansi-terminal-0.10.3@sha256:e2fbcef5f980dc234c7ad8e2fa433b0e8109132c9e643bc40ea5608cd5697797,3226
    pantry-tree:
      sha256: 02f05d52be3ffcf36c78876629cbab80b63420672685371aea4fd10e1c4aabb6
      size: 1461
  original:
    hackage: ansi-terminal-0.10.3
- completed:
    hackage: chronos-1.1.5@sha256:ca35be5fdbbb384414226b4467c6d1c8b44defe59a9c8a3af32c1c5fb250c781,3830
    pantry-tree:
      sha256: 329bf39a05362a9c1f507a4a529725c757208843b562c55e0b7c88538dc3160f
      size: 581
  original:
    hackage: chronos-1.1.5
snapshots:
- completed:
    sha256: 85d2382958c178491d3fe50d770a624621f5ab456beef7d31ac7521f780c9bc7
    size: 640042
    url: https://raw.githubusercontent.com/commercialhaskell/stackage-snapshots/master/lts/21/17.yaml
  original: lts-21.17
