# This file was autogenerated by Stack.
# You should not edit this file by hand.
# For more information, please see the documentation at:
#   https://docs.haskellstack.org/en/stable/lock_files

packages:
- completed:
    hackage: table-layout-0.9.1.0@sha256:172b8b3a06c992839a781b77e42bbce689ba87d92c260acb61d187f7e6aad7f2,7154
    pantry-tree:
      sha256: d3b20ca5e8342d24fa7cfb5e3d39853a14f572f0a95b7bc9d0fea82baa0a4c10
      size: 2216
  original:
    hackage: table-layout-0.9.1.0
- completed:
    hackage: sequence-formats-1.11.0.0@sha256:230b150cb00898cb2dd37100e2902c958413cf44af5f7110d65cd682d76f2f02,3324
    pantry-tree:
      sha256: 8ed2334e663c39802e2053642d13510bea3893780cf4b223e8c82a0e79df6d2a
      size: 2809
  original:
    hackage: sequence-formats-1.11.0.0
- completed:
    hackage: scotty-0.22@sha256:b3c799b3c4896176342062c1140c290ffb9a8d81e6da2ea3e12f7a83cbda78d4,6013
    pantry-tree:
      sha256: ec781405d9d771ad8e0b0d6f350b4c4296104665668fc7263ba36839f674d835
      size: 2138
  original:
    hackage: scotty-0.22
snapshots:
- completed:
    sha256: 08bd13ce621b41a8f5e51456b38d5b46d7783ce114a50ab604d6bbab0d002146
    size: 720271
    url: https://raw.githubusercontent.com/commercialhaskell/stackage-snapshots/master/lts/22/43.yaml
  original: lts-22.43
